PODS:
  - SwiftEvents (1.1.1)
  - Toast-Swift (5.0.1)
  - UAObfuscatedString (0.5.1)

DEPENDENCIES:
  - SwiftEvents (~> 1.1.1)
  - Toast-Swift
  - UAObfuscatedString

SPEC REPOS:
  trunk:
    - SwiftEvents
    - Toast-Swift
    - UAObfuscatedString

SPEC CHECKSUMS:
  SwiftEvents: 8cefdbeb4e59647e4bca42d6fdd188609ff82684
  Toast-Swift: 9b6a70f28b3bf0b96c40d46c0c4b9d6639846711
  UAObfuscatedString: 34850d89100c7aff99129ee56acd433fa5ed3aef

PODFILE CHECKSUM: b620ab405f2adcafbee0a91a419cf0193938b0b8

COCOAPODS: 1.10.0
