// !$*UTF8*$!
{
	archiveVersion = 1;
	classes = {
	};
	objectVersion = 50;
	objects = {

/* Begin PBXBuildFile section */
		4111D56223FDAEFF00B74B83 /* AppDelegate.swift in Sources */ = {isa = PBXBuildFile; fileRef = 4111D56123FDAEFF00B74B83 /* AppDelegate.swift */; };
		4111D56623FDAEFF00B74B83 /* ImageSearchViewController.swift in Sources */ = {isa = PBXBuildFile; fileRef = 4111D56523FDAEFF00B74B83 /* ImageSearchViewController.swift */; };
		4111D56923FDAEFF00B74B83 /* ImageSearch.storyboard in Resources */ = {isa = PBXBuildFile; fileRef = 4111D56723FDAEFF00B74B83 /* ImageSearch.storyboard */; };
		4111D56B23FDAF0200B74B83 /* Assets.xcassets in Resources */ = {isa = PBXBuildFile; fileRef = 4111D56A23FDAF0200B74B83 /* Assets.xcassets */; };
		4111D56E23FDAF0200B74B83 /* LaunchScreen.storyboard in Resources */ = {isa = PBXBuildFile; fileRef = 4111D56C23FDAF0200B74B83 /* LaunchScreen.storyboard */; };
		4111D57923FDAF0200B74B83 /* ImageSearchTests.swift in Sources */ = {isa = PBXBuildFile; fileRef = 4111D57823FDAF0200B74B83 /* ImageSearchTests.swift */; };
		4111D58523FDB46D00B74B83 /* CollectionViewHeader.swift in Sources */ = {isa = PBXBuildFile; fileRef = 4111D58423FDB46D00B74B83 /* CollectionViewHeader.swift */; };
		4111D58723FDC1D700B74B83 /* ImageSearchViewModel.swift in Sources */ = {isa = PBXBuildFile; fileRef = 4111D58623FDC1D700B74B83 /* ImageSearchViewModel.swift */; };
		4111D58923FDC27300B74B83 /* NetworkService.swift in Sources */ = {isa = PBXBuildFile; fileRef = 4111D58823FDC27300B74B83 /* NetworkService.swift */; };
		4111D58B23FDCD6B00B74B83 /* CollectionViewCell.swift in Sources */ = {isa = PBXBuildFile; fileRef = 4111D58A23FDCD6B00B74B83 /* CollectionViewCell.swift */; };
		4111D59023FDD81E00B74B83 /* ImageSearchResults.swift in Sources */ = {isa = PBXBuildFile; fileRef = 4111D58C23FDD81D00B74B83 /* ImageSearchResults.swift */; };
		4111D59323FDD81E00B74B83 /* Image.swift in Sources */ = {isa = PBXBuildFile; fileRef = 4111D58F23FDD81E00B74B83 /* Image.swift */; };
		4111D59523FE1DDE00B74B83 /* Supportive.swift in Sources */ = {isa = PBXBuildFile; fileRef = 4111D59423FE1DDE00B74B83 /* Supportive.swift */; };
		4111D59723FE200D00B74B83 /* Extensions.swift in Sources */ = {isa = PBXBuildFile; fileRef = 4111D59623FE200D00B74B83 /* Extensions.swift */; };
		4145C7BE2B2B8CF6001DD403 /* DIContainer.swift in Sources */ = {isa = PBXBuildFile; fileRef = 4145C7BD2B2B8CF6001DD403 /* DIContainer.swift */; };
		4145C7C22B2C9846001DD403 /* MainCoordinator.swift in Sources */ = {isa = PBXBuildFile; fileRef = 4145C7C12B2C9846001DD403 /* MainCoordinator.swift */; };
		4145C7C42B2CFEA3001DD403 /* ImageQuery.swift in Sources */ = {isa = PBXBuildFile; fileRef = 4145C7C32B2CFEA3001DD403 /* ImageQuery.swift */; };
		4145C7C92B2D039A001DD403 /* Storyboarded.swift in Sources */ = {isa = PBXBuildFile; fileRef = 4145C7C82B2D0399001DD403 /* Storyboarded.swift */; };
		4145C7CC2B2F2F51001DD403 /* Toast.swift in Sources */ = {isa = PBXBuildFile; fileRef = 4145C7CB2B2F2F51001DD403 /* Toast.swift */; };
		4145C7D12B2F4303001DD403 /* UAObfuscatedString.swift in Sources */ = {isa = PBXBuildFile; fileRef = 4145C7D02B2F4303001DD403 /* UAObfuscatedString.swift */; };
		4145C7D42B30E5B2001DD403 /* Cancellable.swift in Sources */ = {isa = PBXBuildFile; fileRef = 4145C7D32B30E5B2001DD403 /* Cancellable.swift */; };
		4145C7E42B39CCE1001DD403 /* ImageRepository.swift in Sources */ = {isa = PBXBuildFile; fileRef = 4145C7E32B39CCE1001DD403 /* ImageRepository.swift */; };
		4145C7E62B39CDC4001DD403 /* TagRepository.swift in Sources */ = {isa = PBXBuildFile; fileRef = 4145C7E52B39CDC4001DD403 /* TagRepository.swift */; };
		4145C7E82B39CE3C001DD403 /* DefaultImageRepository.swift in Sources */ = {isa = PBXBuildFile; fileRef = 4145C7E72B39CE3C001DD403 /* DefaultImageRepository.swift */; };
		4145C7EA2B39D0D0001DD403 /* APIInteractor.swift in Sources */ = {isa = PBXBuildFile; fileRef = 4145C7E92B39D0D0001DD403 /* APIInteractor.swift */; };
		4145C7EC2B39D11A001DD403 /* URLSessionAPIInteractor.swift in Sources */ = {isa = PBXBuildFile; fileRef = 4145C7EB2B39D11A001DD403 /* URLSessionAPIInteractor.swift */; };
		4145C7EE2B39D36C001DD403 /* DefaultTagRepository.swift in Sources */ = {isa = PBXBuildFile; fileRef = 4145C7ED2B39D36C001DD403 /* DefaultTagRepository.swift */; };
		418F33B4243FEEF100193C74 /* ImageDetails.storyboard in Resources */ = {isa = PBXBuildFile; fileRef = 418F33B3243FEEF100193C74 /* ImageDetails.storyboard */; };
		418F33BA244132A500193C74 /* HotTags.storyboard in Resources */ = {isa = PBXBuildFile; fileRef = 418F33B9244132A500193C74 /* HotTags.storyboard */; };
		418F33BC244132E900193C74 /* HotTagsViewController.swift in Sources */ = {isa = PBXBuildFile; fileRef = 418F33BB244132E800193C74 /* HotTagsViewController.swift */; };
		418F33BE244133E600193C74 /* HotTagsViewModel.swift in Sources */ = {isa = PBXBuildFile; fileRef = 418F33BD244133E600193C74 /* HotTagsViewModel.swift */; };
		418F33C02441E8E200193C74 /* TagsDataSource.swift in Sources */ = {isa = PBXBuildFile; fileRef = 418F33BF2441E8E200193C74 /* TagsDataSource.swift */; };
		41AD9B8723FF512C001383AD /* ImageDetailsViewController.swift in Sources */ = {isa = PBXBuildFile; fileRef = 41AD9B8623FF512C001383AD /* ImageDetailsViewController.swift */; };
		41AD9B8923FF51C3001383AD /* ImageDetailsViewModel.swift in Sources */ = {isa = PBXBuildFile; fileRef = 41AD9B8823FF51C3001383AD /* ImageDetailsViewModel.swift */; };
		41AD9B9723FFBD57001383AD /* AppCoordinator.swift in Sources */ = {isa = PBXBuildFile; fileRef = 41AD9B9523FFBD57001383AD /* AppCoordinator.swift */; };
		41AD9B9823FFBD57001383AD /* Coordinator.swift in Sources */ = {isa = PBXBuildFile; fileRef = 41AD9B9623FFBD57001383AD /* Coordinator.swift */; };
		41AD9B9A23FFCFEC001383AD /* AppConfiguration.swift in Sources */ = {isa = PBXBuildFile; fileRef = 41AD9B9923FFCFEC001383AD /* AppConfiguration.swift */; };
		41B115C62B3CC6E80062CD5F /* ImageWrapper.swift in Sources */ = {isa = PBXBuildFile; fileRef = 41B115C52B3CC6E80062CD5F /* ImageWrapper.swift */; };
		41B115CD2B435C700062CD5F /* ImageDBInteractor.swift in Sources */ = {isa = PBXBuildFile; fileRef = 41B115CC2B435C700062CD5F /* ImageDBInteractor.swift */; };
		41B115CF2B435FAD0062CD5F /* DefaultImageCachingService.swift in Sources */ = {isa = PBXBuildFile; fileRef = 41B115CE2B435FAD0062CD5F /* DefaultImageCachingService.swift */; };
		41B115D32B4362070062CD5F /* ImageCachingService.swift in Sources */ = {isa = PBXBuildFile; fileRef = 41B115D22B4362070062CD5F /* ImageCachingService.swift */; };
		41B115D52B43624B0062CD5F /* SQLiteImageDBInteractor.swift in Sources */ = {isa = PBXBuildFile; fileRef = 41B115D42B43624B0062CD5F /* SQLiteImageDBInteractor.swift */; };
		41B116342B45F8AE0062CD5F /* SQLite.swift in Sources */ = {isa = PBXBuildFile; fileRef = 41B116332B45F8AE0062CD5F /* SQLite.swift */; };
		41B1163C2B4E04B00062CD5F /* SwiftEvents.swift in Sources */ = {isa = PBXBuildFile; fileRef = 41B1163B2B4E04B00062CD5F /* SwiftEvents.swift */; };
		41CC247E24148B620053F23E /* RequestFactory.swift in Sources */ = {isa = PBXBuildFile; fileRef = 41CC247D24148B620053F23E /* RequestFactory.swift */; };
		41CC2480241490570053F23E /* FlickrAPI.swift in Sources */ = {isa = PBXBuildFile; fileRef = 41CC247F241490570053F23E /* FlickrAPI.swift */; };
		41F1E63224009BA60014672C /* ImagesDataSource.swift in Sources */ = {isa = PBXBuildFile; fileRef = 41F1E63124009BA60014672C /* ImagesDataSource.swift */; };
		41FBC2FE2442159700DD1480 /* Tag.swift in Sources */ = {isa = PBXBuildFile; fileRef = 41FBC2FD2442159700DD1480 /* Tag.swift */; };
		41FBC30024439D3000DD1480 /* Tags.swift in Sources */ = {isa = PBXBuildFile; fileRef = 41FBC2FF24439D3000DD1480 /* Tags.swift */; };
/* End PBXBuildFile section */

/* Begin PBXContainerItemProxy section */
		4111D57523FDAF0200B74B83 /* PBXContainerItemProxy */ = {
			isa = PBXContainerItemProxy;
			containerPortal = 4111D55623FDAEFF00B74B83 /* Project object */;
			proxyType = 1;
			remoteGlobalIDString = 4111D55D23FDAEFF00B74B83;
			remoteInfo = ImageSearch;
		};
/* End PBXContainerItemProxy section */

/* Begin PBXFileReference section */
		4111D55E23FDAEFF00B74B83 /* ImageSearch.app */ = {isa = PBXFileReference; explicitFileType = wrapper.application; includeInIndex = 0; path = ImageSearch.app; sourceTree = BUILT_PRODUCTS_DIR; };
		4111D56123FDAEFF00B74B83 /* AppDelegate.swift */ = {isa = PBXFileReference; lastKnownFileType = sourcecode.swift; path = AppDelegate.swift; sourceTree = "<group>"; };
		4111D56523FDAEFF00B74B83 /* ImageSearchViewController.swift */ = {isa = PBXFileReference; lastKnownFileType = sourcecode.swift; path = ImageSearchViewController.swift; sourceTree = "<group>"; };
		4111D56823FDAEFF00B74B83 /* Base */ = {isa = PBXFileReference; lastKnownFileType = file.storyboard; name = Base; path = Base.lproj/ImageSearch.storyboard; sourceTree = "<group>"; };
		4111D56A23FDAF0200B74B83 /* Assets.xcassets */ = {isa = PBXFileReference; lastKnownFileType = folder.assetcatalog; path = Assets.xcassets; sourceTree = "<group>"; };
		4111D56D23FDAF0200B74B83 /* Base */ = {isa = PBXFileReference; lastKnownFileType = file.storyboard; name = Base; path = Base.lproj/LaunchScreen.storyboard; sourceTree = "<group>"; };
		4111D56F23FDAF0200B74B83 /* Info.plist */ = {isa = PBXFileReference; lastKnownFileType = text.plist.xml; path = Info.plist; sourceTree = "<group>"; };
		4111D57423FDAF0200B74B83 /* ImageSearchTests.xctest */ = {isa = PBXFileReference; explicitFileType = wrapper.cfbundle; includeInIndex = 0; path = ImageSearchTests.xctest; sourceTree = BUILT_PRODUCTS_DIR; };
		4111D57823FDAF0200B74B83 /* ImageSearchTests.swift */ = {isa = PBXFileReference; lastKnownFileType = sourcecode.swift; path = ImageSearchTests.swift; sourceTree = "<group>"; };
		4111D57A23FDAF0200B74B83 /* Info.plist */ = {isa = PBXFileReference; lastKnownFileType = text.plist.xml; path = Info.plist; sourceTree = "<group>"; };
		4111D58423FDB46D00B74B83 /* CollectionViewHeader.swift */ = {isa = PBXFileReference; lastKnownFileType = sourcecode.swift; path = CollectionViewHeader.swift; sourceTree = "<group>"; };
		4111D58623FDC1D700B74B83 /* ImageSearchViewModel.swift */ = {isa = PBXFileReference; lastKnownFileType = sourcecode.swift; path = ImageSearchViewModel.swift; sourceTree = "<group>"; };
		4111D58823FDC27300B74B83 /* NetworkService.swift */ = {isa = PBXFileReference; lastKnownFileType = sourcecode.swift; path = NetworkService.swift; sourceTree = "<group>"; };
		4111D58A23FDCD6B00B74B83 /* CollectionViewCell.swift */ = {isa = PBXFileReference; lastKnownFileType = sourcecode.swift; path = CollectionViewCell.swift; sourceTree = "<group>"; };
		4111D58C23FDD81D00B74B83 /* ImageSearchResults.swift */ = {isa = PBXFileReference; fileEncoding = 4; lastKnownFileType = sourcecode.swift; path = ImageSearchResults.swift; sourceTree = "<group>"; };
		4111D58F23FDD81E00B74B83 /* Image.swift */ = {isa = PBXFileReference; fileEncoding = 4; lastKnownFileType = sourcecode.swift; path = Image.swift; sourceTree = "<group>"; };
		4111D59423FE1DDE00B74B83 /* Supportive.swift */ = {isa = PBXFileReference; lastKnownFileType = sourcecode.swift; path = Supportive.swift; sourceTree = "<group>"; };
		4111D59623FE200D00B74B83 /* Extensions.swift */ = {isa = PBXFileReference; lastKnownFileType = sourcecode.swift; path = Extensions.swift; sourceTree = "<group>"; };
		4145C7BD2B2B8CF6001DD403 /* DIContainer.swift */ = {isa = PBXFileReference; lastKnownFileType = sourcecode.swift; path = DIContainer.swift; sourceTree = "<group>"; };
		4145C7C12B2C9846001DD403 /* MainCoordinator.swift */ = {isa = PBXFileReference; lastKnownFileType = sourcecode.swift; path = MainCoordinator.swift; sourceTree = "<group>"; };
		4145C7C32B2CFEA3001DD403 /* ImageQuery.swift */ = {isa = PBXFileReference; lastKnownFileType = sourcecode.swift; path = ImageQuery.swift; sourceTree = "<group>"; };
		4145C7C82B2D0399001DD403 /* Storyboarded.swift */ = {isa = PBXFileReference; lastKnownFileType = sourcecode.swift; path = Storyboarded.swift; sourceTree = "<group>"; };
		4145C7CB2B2F2F51001DD403 /* Toast.swift */ = {isa = PBXFileReference; fileEncoding = 4; lastKnownFileType = sourcecode.swift; path = Toast.swift; sourceTree = "<group>"; };
		4145C7D02B2F4303001DD403 /* UAObfuscatedString.swift */ = {isa = PBXFileReference; fileEncoding = 4; lastKnownFileType = sourcecode.swift; path = UAObfuscatedString.swift; sourceTree = "<group>"; };
		4145C7D32B30E5B2001DD403 /* Cancellable.swift */ = {isa = PBXFileReference; fileEncoding = 4; lastKnownFileType = sourcecode.swift; path = Cancellable.swift; sourceTree = "<group>"; };
		4145C7E32B39CCE1001DD403 /* ImageRepository.swift */ = {isa = PBXFileReference; lastKnownFileType = sourcecode.swift; path = ImageRepository.swift; sourceTree = "<group>"; };
		4145C7E52B39CDC4001DD403 /* TagRepository.swift */ = {isa = PBXFileReference; lastKnownFileType = sourcecode.swift; path = TagRepository.swift; sourceTree = "<group>"; };
		4145C7E72B39CE3C001DD403 /* DefaultImageRepository.swift */ = {isa = PBXFileReference; lastKnownFileType = sourcecode.swift; path = DefaultImageRepository.swift; sourceTree = "<group>"; };
		4145C7E92B39D0D0001DD403 /* APIInteractor.swift */ = {isa = PBXFileReference; lastKnownFileType = sourcecode.swift; path = APIInteractor.swift; sourceTree = "<group>"; };
		4145C7EB2B39D11A001DD403 /* URLSessionAPIInteractor.swift */ = {isa = PBXFileReference; lastKnownFileType = sourcecode.swift; path = URLSessionAPIInteractor.swift; sourceTree = "<group>"; };
		4145C7ED2B39D36C001DD403 /* DefaultTagRepository.swift */ = {isa = PBXFileReference; lastKnownFileType = sourcecode.swift; path = DefaultTagRepository.swift; sourceTree = "<group>"; };
		418F33B3243FEEF100193C74 /* ImageDetails.storyboard */ = {isa = PBXFileReference; lastKnownFileType = file.storyboard; path = ImageDetails.storyboard; sourceTree = "<group>"; };
		418F33B9244132A500193C74 /* HotTags.storyboard */ = {isa = PBXFileReference; lastKnownFileType = file.storyboard; path = HotTags.storyboard; sourceTree = "<group>"; };
		418F33BB244132E800193C74 /* HotTagsViewController.swift */ = {isa = PBXFileReference; lastKnownFileType = sourcecode.swift; path = HotTagsViewController.swift; sourceTree = "<group>"; };
		418F33BD244133E600193C74 /* HotTagsViewModel.swift */ = {isa = PBXFileReference; lastKnownFileType = sourcecode.swift; path = HotTagsViewModel.swift; sourceTree = "<group>"; };
		418F33BF2441E8E200193C74 /* TagsDataSource.swift */ = {isa = PBXFileReference; fileEncoding = 4; lastKnownFileType = sourcecode.swift; path = TagsDataSource.swift; sourceTree = "<group>"; };
		41AD9B8623FF512C001383AD /* ImageDetailsViewController.swift */ = {isa = PBXFileReference; lastKnownFileType = sourcecode.swift; path = ImageDetailsViewController.swift; sourceTree = "<group>"; };
		41AD9B8823FF51C3001383AD /* ImageDetailsViewModel.swift */ = {isa = PBXFileReference; lastKnownFileType = sourcecode.swift; path = ImageDetailsViewModel.swift; sourceTree = "<group>"; };
		41AD9B9523FFBD57001383AD /* AppCoordinator.swift */ = {isa = PBXFileReference; fileEncoding = 4; lastKnownFileType = sourcecode.swift; path = AppCoordinator.swift; sourceTree = "<group>"; };
		41AD9B9623FFBD57001383AD /* Coordinator.swift */ = {isa = PBXFileReference; fileEncoding = 4; lastKnownFileType = sourcecode.swift; path = Coordinator.swift; sourceTree = "<group>"; };
		41AD9B9923FFCFEC001383AD /* AppConfiguration.swift */ = {isa = PBXFileReference; fileEncoding = 4; lastKnownFileType = sourcecode.swift; path = AppConfiguration.swift; sourceTree = "<group>"; };
		41B115C52B3CC6E80062CD5F /* ImageWrapper.swift */ = {isa = PBXFileReference; lastKnownFileType = sourcecode.swift; path = ImageWrapper.swift; sourceTree = "<group>"; };
		41B115CC2B435C700062CD5F /* ImageDBInteractor.swift */ = {isa = PBXFileReference; lastKnownFileType = sourcecode.swift; path = ImageDBInteractor.swift; sourceTree = "<group>"; };
		41B115CE2B435FAD0062CD5F /* DefaultImageCachingService.swift */ = {isa = PBXFileReference; lastKnownFileType = sourcecode.swift; path = DefaultImageCachingService.swift; sourceTree = "<group>"; };
		41B115D22B4362070062CD5F /* ImageCachingService.swift */ = {isa = PBXFileReference; lastKnownFileType = sourcecode.swift; path = ImageCachingService.swift; sourceTree = "<group>"; };
		41B115D42B43624B0062CD5F /* SQLiteImageDBInteractor.swift */ = {isa = PBXFileReference; lastKnownFileType = sourcecode.swift; path = SQLiteImageDBInteractor.swift; sourceTree = "<group>"; };
		41B116332B45F8AE0062CD5F /* SQLite.swift */ = {isa = PBXFileReference; lastKnownFileType = sourcecode.swift; path = SQLite.swift; sourceTree = "<group>"; };
		41B1163B2B4E04B00062CD5F /* SwiftEvents.swift */ = {isa = PBXFileReference; fileEncoding = 4; lastKnownFileType = sourcecode.swift; path = SwiftEvents.swift; sourceTree = "<group>"; };
		41CC247D24148B620053F23E /* RequestFactory.swift */ = {isa = PBXFileReference; lastKnownFileType = sourcecode.swift; path = RequestFactory.swift; sourceTree = "<group>"; };
		41CC247F241490570053F23E /* FlickrAPI.swift */ = {isa = PBXFileReference; lastKnownFileType = sourcecode.swift; path = FlickrAPI.swift; sourceTree = "<group>"; };
		41F1E63124009BA60014672C /* ImagesDataSource.swift */ = {isa = PBXFileReference; lastKnownFileType = sourcecode.swift; path = ImagesDataSource.swift; sourceTree = "<group>"; };
		41FBC2FD2442159700DD1480 /* Tag.swift */ = {isa = PBXFileReference; lastKnownFileType = sourcecode.swift; path = Tag.swift; sourceTree = "<group>"; };
		41FBC2FF24439D3000DD1480 /* Tags.swift */ = {isa = PBXFileReference; lastKnownFileType = sourcecode.swift; path = Tags.swift; sourceTree = "<group>"; };
/* End PBXFileReference section */

/* Begin PBXFrameworksBuildPhase section */
		4111D55B23FDAEFF00B74B83 /* Frameworks */ = {
			isa = PBXFrameworksBuildPhase;
			buildActionMask = 2147483647;
			files = (
			);
			runOnlyForDeploymentPostprocessing = 0;
		};
		4111D57123FDAF0200B74B83 /* Frameworks */ = {
			isa = PBXFrameworksBuildPhase;
			buildActionMask = 2147483647;
			files = (
			);
			runOnlyForDeploymentPostprocessing = 0;
		};
/* End PBXFrameworksBuildPhase section */

/* Begin PBXGroup section */
		4111D55523FDAEFF00B74B83 = {
			isa = PBXGroup;
			children = (
				4111D56023FDAEFF00B74B83 /* ImageSearch */,
				4111D57723FDAF0200B74B83 /* ImageSearchTests */,
				4111D55F23FDAEFF00B74B83 /* Products */,
			);
			sourceTree = "<group>";
		};
		4111D55F23FDAEFF00B74B83 /* Products */ = {
			isa = PBXGroup;
			children = (
				4111D55E23FDAEFF00B74B83 /* ImageSearch.app */,
				4111D57423FDAF0200B74B83 /* ImageSearchTests.xctest */,
			);
			name = Products;
			sourceTree = "<group>";
		};
		4111D56023FDAEFF00B74B83 /* ImageSearch */ = {
			isa = PBXGroup;
			children = (
				41AD9B9423FFBD57001383AD /* Coordinator */,
				41AD9B8423FF342B001383AD /* Common */,
				41AD9B8123FF315F001383AD /* Modules */,
				4145C7DE2B377442001DD403 /* DataLayer */,
				4145C7CA2B2F2F36001DD403 /* Resources */,
				4111D56C23FDAF0200B74B83 /* LaunchScreen.storyboard */,
				4111D56F23FDAF0200B74B83 /* Info.plist */,
			);
			path = ImageSearch;
			sourceTree = "<group>";
		};
		4111D57723FDAF0200B74B83 /* ImageSearchTests */ = {
			isa = PBXGroup;
			children = (
				4111D57823FDAF0200B74B83 /* ImageSearchTests.swift */,
				4111D57A23FDAF0200B74B83 /* Info.plist */,
			);
			path = ImageSearchTests;
			sourceTree = "<group>";
		};
		4145C7BC2B2B3BB6001DD403 /* DIContainer */ = {
			isa = PBXGroup;
			children = (
				4145C7BD2B2B8CF6001DD403 /* DIContainer.swift */,
			);
			path = DIContainer;
			sourceTree = "<group>";
		};
		4145C7CA2B2F2F36001DD403 /* Resources */ = {
			isa = PBXGroup;
			children = (
				4111D56A23FDAF0200B74B83 /* Assets.xcassets */,
				4145C7CB2B2F2F51001DD403 /* Toast.swift */,
				4145C7D02B2F4303001DD403 /* UAObfuscatedString.swift */,
			);
			path = Resources;
			sourceTree = "<group>";
		};
		4145C7D22B2F58EA001DD403 /* ImagesFeature */ = {
			isa = PBXGroup;
			children = (
				419B5B3E25D13DA300443960 /* Models */,
				41E9A6B523FED04C00CDE3D6 /* ImageSearch */,
				41AD9B8523FF3445001383AD /* ImageDetails */,
				418F33B82441324B00193C74 /* HotTags */,
			);
			path = ImagesFeature;
			sourceTree = "<group>";
		};
		4145C7DE2B377442001DD403 /* DataLayer */ = {
			isa = PBXGroup;
			children = (
				4145C7E12B3774BD001DD403 /* Repositories */,
				4145C7DF2B377462001DD403 /* Network */,
				41B115C92B435B880062CD5F /* Storages */,
				41B115CA2B435B9A0062CD5F /* Services */,
			);
			path = DataLayer;
			sourceTree = "<group>";
		};
		4145C7DF2B377462001DD403 /* Network */ = {
			isa = PBXGroup;
			children = (
				4145C7E02B3774A9001DD403 /* APIInteractor */,
				41F1F1552414A81C00FC8066 /* NetworkService */,
				41FBC3032443A8A800DD1480 /* APIs */,
			);
			path = Network;
			sourceTree = "<group>";
		};
		4145C7E02B3774A9001DD403 /* APIInteractor */ = {
			isa = PBXGroup;
			children = (
				4145C7E92B39D0D0001DD403 /* APIInteractor.swift */,
				4145C7EB2B39D11A001DD403 /* URLSessionAPIInteractor.swift */,
			);
			path = APIInteractor;
			sourceTree = "<group>";
		};
		4145C7E12B3774BD001DD403 /* Repositories */ = {
			isa = PBXGroup;
			children = (
				4145C7E22B3774C6001DD403 /* Interfaces */,
				4145C7E72B39CE3C001DD403 /* DefaultImageRepository.swift */,
				4145C7ED2B39D36C001DD403 /* DefaultTagRepository.swift */,
			);
			path = Repositories;
			sourceTree = "<group>";
		};
		4145C7E22B3774C6001DD403 /* Interfaces */ = {
			isa = PBXGroup;
			children = (
				4145C7E32B39CCE1001DD403 /* ImageRepository.swift */,
				4145C7E52B39CDC4001DD403 /* TagRepository.swift */,
			);
			path = Interfaces;
			sourceTree = "<group>";
		};
		418F33B82441324B00193C74 /* HotTags */ = {
			isa = PBXGroup;
			children = (
				419B5B4325D13E3B00443960 /* View */,
				419B5B4425D13E5000443960 /* ViewModel */,
				419B5B4225D13E0900443960 /* Models */,
			);
			path = HotTags;
			sourceTree = "<group>";
		};
		419B5B3B25D13BE500443960 /* View */ = {
			isa = PBXGroup;
			children = (
				4111D56723FDAEFF00B74B83 /* ImageSearch.storyboard */,
				4111D56523FDAEFF00B74B83 /* ImageSearchViewController.swift */,
				41F1E63124009BA60014672C /* ImagesDataSource.swift */,
				419B5B3C25D13BF600443960 /* Cells */,
			);
			path = View;
			sourceTree = "<group>";
		};
		419B5B3C25D13BF600443960 /* Cells */ = {
			isa = PBXGroup;
			children = (
				4111D58423FDB46D00B74B83 /* CollectionViewHeader.swift */,
				4111D58A23FDCD6B00B74B83 /* CollectionViewCell.swift */,
			);
			path = Cells;
			sourceTree = "<group>";
		};
		419B5B3D25D13D5200443960 /* ViewModel */ = {
			isa = PBXGroup;
			children = (
				4111D58623FDC1D700B74B83 /* ImageSearchViewModel.swift */,
			);
			path = ViewModel;
			sourceTree = "<group>";
		};
		419B5B3E25D13DA300443960 /* Models */ = {
			isa = PBXGroup;
			children = (
				4145C7C32B2CFEA3001DD403 /* ImageQuery.swift */,
				41B115C52B3CC6E80062CD5F /* ImageWrapper.swift */,
				4111D58F23FDD81E00B74B83 /* Image.swift */,
			);
			path = Models;
			sourceTree = "<group>";
		};
		419B5B3F25D13DB200443960 /* Models */ = {
			isa = PBXGroup;
			children = (
				4111D58C23FDD81D00B74B83 /* ImageSearchResults.swift */,
			);
			path = Models;
			sourceTree = "<group>";
		};
		419B5B4025D13DCB00443960 /* View */ = {
			isa = PBXGroup;
			children = (
				418F33B3243FEEF100193C74 /* ImageDetails.storyboard */,
				41AD9B8623FF512C001383AD /* ImageDetailsViewController.swift */,
			);
			path = View;
			sourceTree = "<group>";
		};
		419B5B4125D13DF800443960 /* ViewModel */ = {
			isa = PBXGroup;
			children = (
				41AD9B8823FF51C3001383AD /* ImageDetailsViewModel.swift */,
			);
			path = ViewModel;
			sourceTree = "<group>";
		};
		419B5B4225D13E0900443960 /* Models */ = {
			isa = PBXGroup;
			children = (
				41FBC2FD2442159700DD1480 /* Tag.swift */,
				41FBC2FF24439D3000DD1480 /* Tags.swift */,
			);
			path = Models;
			sourceTree = "<group>";
		};
		419B5B4325D13E3B00443960 /* View */ = {
			isa = PBXGroup;
			children = (
				418F33B9244132A500193C74 /* HotTags.storyboard */,
				418F33BB244132E800193C74 /* HotTagsViewController.swift */,
				418F33BF2441E8E200193C74 /* TagsDataSource.swift */,
			);
			path = View;
			sourceTree = "<group>";
		};
		419B5B4425D13E5000443960 /* ViewModel */ = {
			isa = PBXGroup;
			children = (
				418F33BD244133E600193C74 /* HotTagsViewModel.swift */,
			);
			path = ViewModel;
			sourceTree = "<group>";
		};
		41AD9B8123FF315F001383AD /* Modules */ = {
			isa = PBXGroup;
			children = (
				4145C7D22B2F58EA001DD403 /* ImagesFeature */,
			);
			path = Modules;
			sourceTree = "<group>";
		};
		41AD9B8423FF342B001383AD /* Common */ = {
			isa = PBXGroup;
			children = (
				4111D56123FDAEFF00B74B83 /* AppDelegate.swift */,
				41AD9B9923FFCFEC001383AD /* AppConfiguration.swift */,
				41C8C9D72B51907A00A8213A /* Utils */,
			);
			path = Common;
			sourceTree = "<group>";
		};
		41AD9B8523FF3445001383AD /* ImageDetails */ = {
			isa = PBXGroup;
			children = (
				419B5B4025D13DCB00443960 /* View */,
				419B5B4125D13DF800443960 /* ViewModel */,
			);
			path = ImageDetails;
			sourceTree = "<group>";
		};
		41AD9B9423FFBD57001383AD /* Coordinator */ = {
			isa = PBXGroup;
			children = (
				4145C7BC2B2B3BB6001DD403 /* DIContainer */,
				41AD9B9623FFBD57001383AD /* Coordinator.swift */,
				41AD9B9523FFBD57001383AD /* AppCoordinator.swift */,
				4145C7C12B2C9846001DD403 /* MainCoordinator.swift */,
				4145C7C82B2D0399001DD403 /* Storyboarded.swift */,
			);
			path = Coordinator;
			sourceTree = "<group>";
		};
		41B115C92B435B880062CD5F /* Storages */ = {
			isa = PBXGroup;
			children = (
				41B115CB2B435BB30062CD5F /* DBInteractor */,
				41B116322B45F80B0062CD5F /* SQLite */,
			);
			path = Storages;
			sourceTree = "<group>";
		};
		41B115CA2B435B9A0062CD5F /* Services */ = {
			isa = PBXGroup;
			children = (
				41B115D22B4362070062CD5F /* ImageCachingService.swift */,
				41B115CE2B435FAD0062CD5F /* DefaultImageCachingService.swift */,
			);
			path = Services;
			sourceTree = "<group>";
		};
		41B115CB2B435BB30062CD5F /* DBInteractor */ = {
			isa = PBXGroup;
			children = (
				41B115CC2B435C700062CD5F /* ImageDBInteractor.swift */,
				41B115D42B43624B0062CD5F /* SQLiteImageDBInteractor.swift */,
			);
			path = DBInteractor;
			sourceTree = "<group>";
		};
		41B116322B45F80B0062CD5F /* SQLite */ = {
			isa = PBXGroup;
			children = (
				41B116332B45F8AE0062CD5F /* SQLite.swift */,
			);
			path = SQLite;
			sourceTree = "<group>";
		};
		41C8C9D72B51907A00A8213A /* Utils */ = {
			isa = PBXGroup;
			children = (
				4111D59423FE1DDE00B74B83 /* Supportive.swift */,
				4111D59623FE200D00B74B83 /* Extensions.swift */,
				41B1163B2B4E04B00062CD5F /* SwiftEvents.swift */,
			);
			path = Utils;
			sourceTree = "<group>";
		};
		41E9A6B523FED04C00CDE3D6 /* ImageSearch */ = {
			isa = PBXGroup;
			children = (
				419B5B3B25D13BE500443960 /* View */,
				419B5B3D25D13D5200443960 /* ViewModel */,
				419B5B3F25D13DB200443960 /* Models */,
			);
			path = ImageSearch;
			sourceTree = "<group>";
		};
		41F1F1552414A81C00FC8066 /* NetworkService */ = {
			isa = PBXGroup;
			children = (
				4111D58823FDC27300B74B83 /* NetworkService.swift */,
				41CC247D24148B620053F23E /* RequestFactory.swift */,
				4145C7D32B30E5B2001DD403 /* Cancellable.swift */,
			);
			path = NetworkService;
			sourceTree = "<group>";
		};
		41FBC3032443A8A800DD1480 /* APIs */ = {
			isa = PBXGroup;
			children = (
				41CC247F241490570053F23E /* FlickrAPI.swift */,
			);
			path = APIs;
			sourceTree = "<group>";
		};
/* End PBXGroup section */

/* Begin PBXNativeTarget section */
		4111D55D23FDAEFF00B74B83 /* ImageSearch */ = {
			isa = PBXNativeTarget;
			buildConfigurationList = 4111D57D23FDAF0200B74B83 /* Build configuration list for PBXNativeTarget "ImageSearch" */;
			buildPhases = (
				4111D55A23FDAEFF00B74B83 /* Sources */,
				4111D55B23FDAEFF00B74B83 /* Frameworks */,
				4111D55C23FDAEFF00B74B83 /* Resources */,
			);
			buildRules = (
			);
			dependencies = (
			);
			name = ImageSearch;
			productName = ImageSearch;
			productReference = 4111D55E23FDAEFF00B74B83 /* ImageSearch.app */;
			productType = "com.apple.product-type.application";
		};
		4111D57323FDAF0200B74B83 /* ImageSearchTests */ = {
			isa = PBXNativeTarget;
			buildConfigurationList = 4111D58023FDAF0200B74B83 /* Build configuration list for PBXNativeTarget "ImageSearchTests" */;
			buildPhases = (
				4111D57023FDAF0200B74B83 /* Sources */,
				4111D57123FDAF0200B74B83 /* Frameworks */,
				4111D57223FDAF0200B74B83 /* Resources */,
			);
			buildRules = (
			);
			dependencies = (
				4111D57623FDAF0200B74B83 /* PBXTargetDependency */,
			);
			name = ImageSearchTests;
			productName = ImageSearchTests;
			productReference = 4111D57423FDAF0200B74B83 /* ImageSearchTests.xctest */;
			productType = "com.apple.product-type.bundle.unit-test";
		};
/* End PBXNativeTarget section */

/* Begin PBXProject section */
		4111D55623FDAEFF00B74B83 /* Project object */ = {
			isa = PBXProject;
			attributes = {
				LastSwiftUpdateCheck = 1130;
				LastUpgradeCheck = 1130;
				ORGANIZATIONNAME = "Denis Simon";
				TargetAttributes = {
					4111D55D23FDAEFF00B74B83 = {
						CreatedOnToolsVersion = 11.3.1;
					};
					4111D57323FDAF0200B74B83 = {
						CreatedOnToolsVersion = 11.3.1;
						TestTargetID = 4111D55D23FDAEFF00B74B83;
					};
				};
			};
			buildConfigurationList = 4111D55923FDAEFF00B74B83 /* Build configuration list for PBXProject "ImageSearch" */;
			compatibilityVersion = "Xcode 9.3";
			developmentRegion = en;
			hasScannedForEncodings = 0;
			knownRegions = (
				en,
				Base,
			);
			mainGroup = 4111D55523FDAEFF00B74B83;
			productRefGroup = 4111D55F23FDAEFF00B74B83 /* Products */;
			projectDirPath = "";
			projectRoot = "";
			targets = (
				4111D55D23FDAEFF00B74B83 /* ImageSearch */,
				4111D57323FDAF0200B74B83 /* ImageSearchTests */,
			);
		};
/* End PBXProject section */

/* Begin PBXResourcesBuildPhase section */
		4111D55C23FDAEFF00B74B83 /* Resources */ = {
			isa = PBXResourcesBuildPhase;
			buildActionMask = 2147483647;
			files = (
				4111D56E23FDAF0200B74B83 /* LaunchScreen.storyboard in Resources */,
				418F33BA244132A500193C74 /* HotTags.storyboard in Resources */,
				4111D56B23FDAF0200B74B83 /* Assets.xcassets in Resources */,
				4111D56923FDAEFF00B74B83 /* ImageSearch.storyboard in Resources */,
				418F33B4243FEEF100193C74 /* ImageDetails.storyboard in Resources */,
			);
			runOnlyForDeploymentPostprocessing = 0;
		};
		4111D57223FDAF0200B74B83 /* Resources */ = {
			isa = PBXResourcesBuildPhase;
			buildActionMask = 2147483647;
			files = (
			);
			runOnlyForDeploymentPostprocessing = 0;
		};
/* End PBXResourcesBuildPhase section */

/* Begin PBXSourcesBuildPhase section */
		4111D55A23FDAEFF00B74B83 /* Sources */ = {
			isa = PBXSourcesBuildPhase;
			buildActionMask = 2147483647;
			files = (
				41B115D52B43624B0062CD5F /* SQLiteImageDBInteractor.swift in Sources */,
				4145C7BE2B2B8CF6001DD403 /* DIContainer.swift in Sources */,
				41FBC2FE2442159700DD1480 /* Tag.swift in Sources */,
				41B116342B45F8AE0062CD5F /* SQLite.swift in Sources */,
				41B115D32B4362070062CD5F /* ImageCachingService.swift in Sources */,
				4111D56223FDAEFF00B74B83 /* AppDelegate.swift in Sources */,
				41FBC30024439D3000DD1480 /* Tags.swift in Sources */,
				4145C7EC2B39D11A001DD403 /* URLSessionAPIInteractor.swift in Sources */,
				4145C7EA2B39D0D0001DD403 /* APIInteractor.swift in Sources */,
				41AD9B9823FFBD57001383AD /* Coordinator.swift in Sources */,
				41AD9B9723FFBD57001383AD /* AppCoordinator.swift in Sources */,
				41AD9B9A23FFCFEC001383AD /* AppConfiguration.swift in Sources */,
				4145C7E42B39CCE1001DD403 /* ImageRepository.swift in Sources */,
				418F33C02441E8E200193C74 /* TagsDataSource.swift in Sources */,
				418F33BE244133E600193C74 /* HotTagsViewModel.swift in Sources */,
				4145C7C22B2C9846001DD403 /* MainCoordinator.swift in Sources */,
				4145C7EE2B39D36C001DD403 /* DefaultTagRepository.swift in Sources */,
				41CC247E24148B620053F23E /* RequestFactory.swift in Sources */,
				41B115CD2B435C700062CD5F /* ImageDBInteractor.swift in Sources */,
				418F33BC244132E900193C74 /* HotTagsViewController.swift in Sources */,
				41B115C62B3CC6E80062CD5F /* ImageWrapper.swift in Sources */,
				41CC2480241490570053F23E /* FlickrAPI.swift in Sources */,
				4145C7C42B2CFEA3001DD403 /* ImageQuery.swift in Sources */,
				4145C7E62B39CDC4001DD403 /* TagRepository.swift in Sources */,
				41B1163C2B4E04B00062CD5F /* SwiftEvents.swift in Sources */,
				4111D58923FDC27300B74B83 /* NetworkService.swift in Sources */,
				4145C7CC2B2F2F51001DD403 /* Toast.swift in Sources */,
				41AD9B8723FF512C001383AD /* ImageDetailsViewController.swift in Sources */,
				4145C7D42B30E5B2001DD403 /* Cancellable.swift in Sources */,
				41B115CF2B435FAD0062CD5F /* DefaultImageCachingService.swift in Sources */,
				41F1E63224009BA60014672C /* ImagesDataSource.swift in Sources */,
				4111D58523FDB46D00B74B83 /* CollectionViewHeader.swift in Sources */,
				4111D59323FDD81E00B74B83 /* Image.swift in Sources */,
				4111D59523FE1DDE00B74B83 /* Supportive.swift in Sources */,
				4111D56623FDAEFF00B74B83 /* ImageSearchViewController.swift in Sources */,
				4145C7D12B2F4303001DD403 /* UAObfuscatedString.swift in Sources */,
				4111D58B23FDCD6B00B74B83 /* CollectionViewCell.swift in Sources */,
				4111D58723FDC1D700B74B83 /* ImageSearchViewModel.swift in Sources */,
				41AD9B8923FF51C3001383AD /* ImageDetailsViewModel.swift in Sources */,
				4111D59723FE200D00B74B83 /* Extensions.swift in Sources */,
				4145C7E82B39CE3C001DD403 /* DefaultImageRepository.swift in Sources */,
				4111D59023FDD81E00B74B83 /* ImageSearchResults.swift in Sources */,
				4145C7C92B2D039A001DD403 /* Storyboarded.swift in Sources */,
			);
			runOnlyForDeploymentPostprocessing = 0;
		};
		4111D57023FDAF0200B74B83 /* Sources */ = {
			isa = PBXSourcesBuildPhase;
			buildActionMask = 2147483647;
			files = (
				4111D57923FDAF0200B74B83 /* ImageSearchTests.swift in Sources */,
			);
			runOnlyForDeploymentPostprocessing = 0;
		};
/* End PBXSourcesBuildPhase section */

/* Begin PBXTargetDependency section */
		4111D57623FDAF0200B74B83 /* PBXTargetDependency */ = {
			isa = PBXTargetDependency;
			target = 4111D55D23FDAEFF00B74B83 /* ImageSearch */;
			targetProxy = 4111D57523FDAF0200B74B83 /* PBXContainerItemProxy */;
		};
/* End PBXTargetDependency section */

/* Begin PBXVariantGroup section */
		4111D56723FDAEFF00B74B83 /* ImageSearch.storyboard */ = {
			isa = PBXVariantGroup;
			children = (
				4111D56823FDAEFF00B74B83 /* Base */,
			);
			name = ImageSearch.storyboard;
			sourceTree = "<group>";
		};
		4111D56C23FDAF0200B74B83 /* LaunchScreen.storyboard */ = {
			isa = PBXVariantGroup;
			children = (
				4111D56D23FDAF0200B74B83 /* Base */,
			);
			name = LaunchScreen.storyboard;
			sourceTree = "<group>";
		};
/* End PBXVariantGroup section */

/* Begin XCBuildConfiguration section */
		4111D57B23FDAF0200B74B83 /* Debug */ = {
			isa = XCBuildConfiguration;
			buildSettings = {
				ALWAYS_SEARCH_USER_PATHS = NO;
				CLANG_ANALYZER_NONNULL = YES;
				CLANG_ANALYZER_NUMBER_OBJECT_CONVERSION = YES_AGGRESSIVE;
				CLANG_CXX_LANGUAGE_STANDARD = "gnu++14";
				CLANG_CXX_LIBRARY = "libc++";
				CLANG_ENABLE_MODULES = YES;
				CLANG_ENABLE_OBJC_ARC = YES;
				CLANG_ENABLE_OBJC_WEAK = YES;
				CLANG_WARN_BLOCK_CAPTURE_AUTORELEASING = YES;
				CLANG_WARN_BOOL_CONVERSION = YES;
				CLANG_WARN_COMMA = YES;
				CLANG_WARN_CONSTANT_CONVERSION = YES;
				CLANG_WARN_DEPRECATED_OBJC_IMPLEMENTATIONS = YES;
				CLANG_WARN_DIRECT_OBJC_ISA_USAGE = YES_ERROR;
				CLANG_WARN_DOCUMENTATION_COMMENTS = YES;
				CLANG_WARN_EMPTY_BODY = YES;
				CLANG_WARN_ENUM_CONVERSION = YES;
				CLANG_WARN_INFINITE_RECURSION = YES;
				CLANG_WARN_INT_CONVERSION = YES;
				CLANG_WARN_NON_LITERAL_NULL_CONVERSION = YES;
				CLANG_WARN_OBJC_IMPLICIT_RETAIN_SELF = YES;
				CLANG_WARN_OBJC_LITERAL_CONVERSION = YES;
				CLANG_WARN_OBJC_ROOT_CLASS = YES_ERROR;
				CLANG_WARN_RANGE_LOOP_ANALYSIS = YES;
				CLANG_WARN_STRICT_PROTOTYPES = YES;
				CLANG_WARN_SUSPICIOUS_MOVE = YES;
				CLANG_WARN_UNGUARDED_AVAILABILITY = YES_AGGRESSIVE;
				CLANG_WARN_UNREACHABLE_CODE = YES;
				CLANG_WARN__DUPLICATE_METHOD_MATCH = YES;
				COPY_PHASE_STRIP = NO;
				DEBUG_INFORMATION_FORMAT = dwarf;
				ENABLE_STRICT_OBJC_MSGSEND = YES;
				ENABLE_TESTABILITY = YES;
				GCC_C_LANGUAGE_STANDARD = gnu11;
				GCC_DYNAMIC_NO_PIC = NO;
				GCC_NO_COMMON_BLOCKS = YES;
				GCC_OPTIMIZATION_LEVEL = 0;
				GCC_PREPROCESSOR_DEFINITIONS = (
					"DEBUG=1",
					"$(inherited)",
				);
				GCC_WARN_64_TO_32_BIT_CONVERSION = YES;
				GCC_WARN_ABOUT_RETURN_TYPE = YES_ERROR;
				GCC_WARN_UNDECLARED_SELECTOR = YES;
				GCC_WARN_UNINITIALIZED_AUTOS = YES_AGGRESSIVE;
				GCC_WARN_UNUSED_FUNCTION = YES;
				GCC_WARN_UNUSED_VARIABLE = YES;
				IPHONEOS_DEPLOYMENT_TARGET = 15.0;
				MTL_ENABLE_DEBUG_INFO = INCLUDE_SOURCE;
				MTL_FAST_MATH = YES;
				ONLY_ACTIVE_ARCH = YES;
				SDKROOT = iphoneos;
				SWIFT_ACTIVE_COMPILATION_CONDITIONS = DEBUG;
				SWIFT_OPTIMIZATION_LEVEL = "-Onone";
			};
			name = Debug;
		};
		4111D57C23FDAF0200B74B83 /* Release */ = {
			isa = XCBuildConfiguration;
			buildSettings = {
				ALWAYS_SEARCH_USER_PATHS = NO;
				CLANG_ANALYZER_NONNULL = YES;
				CLANG_ANALYZER_NUMBER_OBJECT_CONVERSION = YES_AGGRESSIVE;
				CLANG_CXX_LANGUAGE_STANDARD = "gnu++14";
				CLANG_CXX_LIBRARY = "libc++";
				CLANG_ENABLE_MODULES = YES;
				CLANG_ENABLE_OBJC_ARC = YES;
				CLANG_ENABLE_OBJC_WEAK = YES;
				CLANG_WARN_BLOCK_CAPTURE_AUTORELEASING = YES;
				CLANG_WARN_BOOL_CONVERSION = YES;
				CLANG_WARN_COMMA = YES;
				CLANG_WARN_CONSTANT_CONVERSION = YES;
				CLANG_WARN_DEPRECATED_OBJC_IMPLEMENTATIONS = YES;
				CLANG_WARN_DIRECT_OBJC_ISA_USAGE = YES_ERROR;
				CLANG_WARN_DOCUMENTATION_COMMENTS = YES;
				CLANG_WARN_EMPTY_BODY = YES;
				CLANG_WARN_ENUM_CONVERSION = YES;
				CLANG_WARN_INFINITE_RECURSION = YES;
				CLANG_WARN_INT_CONVERSION = YES;
				CLANG_WARN_NON_LITERAL_NULL_CONVERSION = YES;
				CLANG_WARN_OBJC_IMPLICIT_RETAIN_SELF = YES;
				CLANG_WARN_OBJC_LITERAL_CONVERSION = YES;
				CLANG_WARN_OBJC_ROOT_CLASS = YES_ERROR;
				CLANG_WARN_RANGE_LOOP_ANALYSIS = YES;
				CLANG_WARN_STRICT_PROTOTYPES = YES;
				CLANG_WARN_SUSPICIOUS_MOVE = YES;
				CLANG_WARN_UNGUARDED_AVAILABILITY = YES_AGGRESSIVE;
				CLANG_WARN_UNREACHABLE_CODE = YES;
				CLANG_WARN__DUPLICATE_METHOD_MATCH = YES;
				COPY_PHASE_STRIP = NO;
				DEBUG_INFORMATION_FORMAT = "dwarf-with-dsym";
				ENABLE_NS_ASSERTIONS = NO;
				ENABLE_STRICT_OBJC_MSGSEND = YES;
				GCC_C_LANGUAGE_STANDARD = gnu11;
				GCC_NO_COMMON_BLOCKS = YES;
				GCC_WARN_64_TO_32_BIT_CONVERSION = YES;
				GCC_WARN_ABOUT_RETURN_TYPE = YES_ERROR;
				GCC_WARN_UNDECLARED_SELECTOR = YES;
				GCC_WARN_UNINITIALIZED_AUTOS = YES_AGGRESSIVE;
				GCC_WARN_UNUSED_FUNCTION = YES;
				GCC_WARN_UNUSED_VARIABLE = YES;
				IPHONEOS_DEPLOYMENT_TARGET = 15.0;
				MTL_ENABLE_DEBUG_INFO = NO;
				MTL_FAST_MATH = YES;
				SDKROOT = iphoneos;
				SWIFT_COMPILATION_MODE = wholemodule;
				SWIFT_OPTIMIZATION_LEVEL = "-O";
				VALIDATE_PRODUCT = YES;
			};
			name = Release;
		};
		4111D57E23FDAF0200B74B83 /* Debug */ = {
			isa = XCBuildConfiguration;
			buildSettings = {
				ASSETCATALOG_COMPILER_APPICON_NAME = AppIcon;
				CODE_SIGN_STYLE = Automatic;
				DEVELOPMENT_TEAM = 9MM3Q5V726;
				INFOPLIST_FILE = ImageSearch/Info.plist;
				IPHONEOS_DEPLOYMENT_TARGET = 15.0;
				LD_RUNPATH_SEARCH_PATHS = (
					"$(inherited)",
					"@executable_path/Frameworks",
				);
				MARKETING_VERSION = 1.3;
				PRODUCT_BUNDLE_IDENTIFIER = com.gmail.denisvsimon.ImageSearch;
				PRODUCT_NAME = "$(TARGET_NAME)";
				SWIFT_VERSION = 5.0;
				TARGETED_DEVICE_FAMILY = "1,2";
			};
			name = Debug;
		};
		4111D57F23FDAF0200B74B83 /* Release */ = {
			isa = XCBuildConfiguration;
			buildSettings = {
				ASSETCATALOG_COMPILER_APPICON_NAME = AppIcon;
				CODE_SIGN_STYLE = Automatic;
				DEVELOPMENT_TEAM = 9MM3Q5V726;
				INFOPLIST_FILE = ImageSearch/Info.plist;
				IPHONEOS_DEPLOYMENT_TARGET = 15.0;
				LD_RUNPATH_SEARCH_PATHS = (
					"$(inherited)",
					"@executable_path/Frameworks",
				);
				MARKETING_VERSION = 1.3;
				PRODUCT_BUNDLE_IDENTIFIER = com.gmail.denisvsimon.ImageSearch;
				PRODUCT_NAME = "$(TARGET_NAME)";
				SWIFT_VERSION = 5.0;
				TARGETED_DEVICE_FAMILY = "1,2";
			};
			name = Release;
		};
		4111D58123FDAF0200B74B83 /* Debug */ = {
			isa = XCBuildConfiguration;
			buildSettings = {
				ALWAYS_EMBED_SWIFT_STANDARD_LIBRARIES = YES;
				BUNDLE_LOADER = "$(TEST_HOST)";
				CODE_SIGN_STYLE = Automatic;
				DEVELOPMENT_TEAM = 23R9SJL6N9;
				INFOPLIST_FILE = ImageSearchTests/Info.plist;
				IPHONEOS_DEPLOYMENT_TARGET = 13.2;
				LD_RUNPATH_SEARCH_PATHS = (
					"$(inherited)",
					"@executable_path/Frameworks",
					"@loader_path/Frameworks",
				);
				PRODUCT_BUNDLE_IDENTIFIER = com.gmail.denissimon.ImageSearchTests;
				PRODUCT_NAME = "$(TARGET_NAME)";
				SWIFT_VERSION = 5.0;
				TARGETED_DEVICE_FAMILY = "1,2";
				TEST_HOST = "$(BUILT_PRODUCTS_DIR)/ImageSearch.app/ImageSearch";
			};
			name = Debug;
		};
		4111D58223FDAF0200B74B83 /* Release */ = {
			isa = XCBuildConfiguration;
			buildSettings = {
				ALWAYS_EMBED_SWIFT_STANDARD_LIBRARIES = YES;
				BUNDLE_LOADER = "$(TEST_HOST)";
				CODE_SIGN_STYLE = Automatic;
				DEVELOPMENT_TEAM = 23R9SJL6N9;
				INFOPLIST_FILE = ImageSearchTests/Info.plist;
				IPHONEOS_DEPLOYMENT_TARGET = 13.2;
				LD_RUNPATH_SEARCH_PATHS = (
					"$(inherited)",
					"@executable_path/Frameworks",
					"@loader_path/Frameworks",
				);
				PRODUCT_BUNDLE_IDENTIFIER = com.gmail.denissimon.ImageSearchTests;
				PRODUCT_NAME = "$(TARGET_NAME)";
				SWIFT_VERSION = 5.0;
				TARGETED_DEVICE_FAMILY = "1,2";
				TEST_HOST = "$(BUILT_PRODUCTS_DIR)/ImageSearch.app/ImageSearch";
			};
			name = Release;
		};
/* End XCBuildConfiguration section */

/* Begin XCConfigurationList section */
		4111D55923FDAEFF00B74B83 /* Build configuration list for PBXProject "ImageSearch" */ = {
			isa = XCConfigurationList;
			buildConfigurations = (
				4111D57B23FDAF0200B74B83 /* Debug */,
				4111D57C23FDAF0200B74B83 /* Release */,
			);
			defaultConfigurationIsVisible = 0;
			defaultConfigurationName = Release;
		};
		4111D57D23FDAF0200B74B83 /* Build configuration list for PBXNativeTarget "ImageSearch" */ = {
			isa = XCConfigurationList;
			buildConfigurations = (
				4111D57E23FDAF0200B74B83 /* Debug */,
				4111D57F23FDAF0200B74B83 /* Release */,
			);
			defaultConfigurationIsVisible = 0;
			defaultConfigurationName = Release;
		};
		4111D58023FDAF0200B74B83 /* Build configuration list for PBXNativeTarget "ImageSearchTests" */ = {
			isa = XCConfigurationList;
			buildConfigurations = (
				4111D58123FDAF0200B74B83 /* Debug */,
				4111D58223FDAF0200B74B83 /* Release */,
			);
			defaultConfigurationIsVisible = 0;
			defaultConfigurationName = Release;
		};
/* End XCConfigurationList section */
	};
	rootObject = 4111D55623FDAEFF00B74B83 /* Project object */;
}
