// !$*UTF8*$!
{
	archiveVersion = 1;
	classes = {
	};
	objectVersion = 51;
	objects = {

/* Begin PBXBuildFile section */
		4111D56223FDAEFF00B74B83 /* AppDelegate.swift in Sources */ = {isa = PBXBuildFile; fileRef = 4111D56123FDAEFF00B74B83 /* AppDelegate.swift */; };
		4111D56623FDAEFF00B74B83 /* ImageSearchViewController.swift in Sources */ = {isa = PBXBuildFile; fileRef = 4111D56523FDAEFF00B74B83 /* ImageSearchViewController.swift */; };
		4111D56923FDAEFF00B74B83 /* Main.storyboard in Resources */ = {isa = PBXBuildFile; fileRef = 4111D56723FDAEFF00B74B83 /* Main.storyboard */; };
		4111D56B23FDAF0200B74B83 /* Assets.xcassets in Resources */ = {isa = PBXBuildFile; fileRef = 4111D56A23FDAF0200B74B83 /* Assets.xcassets */; };
		4111D56E23FDAF0200B74B83 /* LaunchScreen.storyboard in Resources */ = {isa = PBXBuildFile; fileRef = 4111D56C23FDAF0200B74B83 /* LaunchScreen.storyboard */; };
		4111D57923FDAF0200B74B83 /* ImageSearchTests.swift in Sources */ = {isa = PBXBuildFile; fileRef = 4111D57823FDAF0200B74B83 /* ImageSearchTests.swift */; };
		4111D58523FDB46D00B74B83 /* CollectionViewHeader.swift in Sources */ = {isa = PBXBuildFile; fileRef = 4111D58423FDB46D00B74B83 /* CollectionViewHeader.swift */; };
		4111D58723FDC1D700B74B83 /* ImageSearchViewModel.swift in Sources */ = {isa = PBXBuildFile; fileRef = 4111D58623FDC1D700B74B83 /* ImageSearchViewModel.swift */; };
		4111D58923FDC27300B74B83 /* APIService.swift in Sources */ = {isa = PBXBuildFile; fileRef = 4111D58823FDC27300B74B83 /* APIService.swift */; };
		4111D58B23FDCD6B00B74B83 /* CollectionViewCell.swift in Sources */ = {isa = PBXBuildFile; fileRef = 4111D58A23FDCD6B00B74B83 /* CollectionViewCell.swift */; };
		4111D59023FDD81E00B74B83 /* ImageSearchResults.swift in Sources */ = {isa = PBXBuildFile; fileRef = 4111D58C23FDD81D00B74B83 /* ImageSearchResults.swift */; };
		4111D59323FDD81E00B74B83 /* Image.swift in Sources */ = {isa = PBXBuildFile; fileRef = 4111D58F23FDD81E00B74B83 /* Image.swift */; };
		4111D59523FE1DDE00B74B83 /* Helpers.swift in Sources */ = {isa = PBXBuildFile; fileRef = 4111D59423FE1DDE00B74B83 /* Helpers.swift */; };
		4111D59723FE200D00B74B83 /* Extensions.swift in Sources */ = {isa = PBXBuildFile; fileRef = 4111D59623FE200D00B74B83 /* Extensions.swift */; };
		41AD9B8023FF3134001383AD /* Result.swift in Sources */ = {isa = PBXBuildFile; fileRef = 41AD9B7F23FF3134001383AD /* Result.swift */; };
		41AD9B8723FF512C001383AD /* ImageDetailsViewController.swift in Sources */ = {isa = PBXBuildFile; fileRef = 41AD9B8623FF512C001383AD /* ImageDetailsViewController.swift */; };
		41AD9B8923FF51C3001383AD /* ImageDetailsViewModel.swift in Sources */ = {isa = PBXBuildFile; fileRef = 41AD9B8823FF51C3001383AD /* ImageDetailsViewModel.swift */; };
		41AD9B9723FFBD57001383AD /* AppCoordinator.swift in Sources */ = {isa = PBXBuildFile; fileRef = 41AD9B9523FFBD57001383AD /* AppCoordinator.swift */; };
		41AD9B9823FFBD57001383AD /* AppCoordinatorProtocol.swift in Sources */ = {isa = PBXBuildFile; fileRef = 41AD9B9623FFBD57001383AD /* AppCoordinatorProtocol.swift */; };
		41AD9B9A23FFCFEC001383AD /* AppConstants.swift in Sources */ = {isa = PBXBuildFile; fileRef = 41AD9B9923FFCFEC001383AD /* AppConstants.swift */; };
		41F1E63224009BA60014672C /* ImagesDataSource.swift in Sources */ = {isa = PBXBuildFile; fileRef = 41F1E63124009BA60014672C /* ImagesDataSource.swift */; };
		AA463825AC8BD62FB9722EF6 /* Pods_ImageSearch.framework in Frameworks */ = {isa = PBXBuildFile; fileRef = EE80EF1F12818C848D8A997A /* Pods_ImageSearch.framework */; };
/* End PBXBuildFile section */

/* Begin PBXContainerItemProxy section */
		4111D57523FDAF0200B74B83 /* PBXContainerItemProxy */ = {
			isa = PBXContainerItemProxy;
			containerPortal = 4111D55623FDAEFF00B74B83 /* Project object */;
			proxyType = 1;
			remoteGlobalIDString = 4111D55D23FDAEFF00B74B83;
			remoteInfo = ImageSearch;
		};
/* End PBXContainerItemProxy section */

/* Begin PBXFileReference section */
		4111D55E23FDAEFF00B74B83 /* ImageSearch.app */ = {isa = PBXFileReference; explicitFileType = wrapper.application; includeInIndex = 0; path = ImageSearch.app; sourceTree = BUILT_PRODUCTS_DIR; };
		4111D56123FDAEFF00B74B83 /* AppDelegate.swift */ = {isa = PBXFileReference; lastKnownFileType = sourcecode.swift; path = AppDelegate.swift; sourceTree = "<group>"; };
		4111D56523FDAEFF00B74B83 /* ImageSearchViewController.swift */ = {isa = PBXFileReference; lastKnownFileType = sourcecode.swift; path = ImageSearchViewController.swift; sourceTree = "<group>"; };
		4111D56823FDAEFF00B74B83 /* Base */ = {isa = PBXFileReference; lastKnownFileType = file.storyboard; name = Base; path = Base.lproj/Main.storyboard; sourceTree = "<group>"; };
		4111D56A23FDAF0200B74B83 /* Assets.xcassets */ = {isa = PBXFileReference; lastKnownFileType = folder.assetcatalog; path = Assets.xcassets; sourceTree = "<group>"; };
		4111D56D23FDAF0200B74B83 /* Base */ = {isa = PBXFileReference; lastKnownFileType = file.storyboard; name = Base; path = Base.lproj/LaunchScreen.storyboard; sourceTree = "<group>"; };
		4111D56F23FDAF0200B74B83 /* Info.plist */ = {isa = PBXFileReference; lastKnownFileType = text.plist.xml; path = Info.plist; sourceTree = "<group>"; };
		4111D57423FDAF0200B74B83 /* ImageSearchTests.xctest */ = {isa = PBXFileReference; explicitFileType = wrapper.cfbundle; includeInIndex = 0; path = ImageSearchTests.xctest; sourceTree = BUILT_PRODUCTS_DIR; };
		4111D57823FDAF0200B74B83 /* ImageSearchTests.swift */ = {isa = PBXFileReference; lastKnownFileType = sourcecode.swift; path = ImageSearchTests.swift; sourceTree = "<group>"; };
		4111D57A23FDAF0200B74B83 /* Info.plist */ = {isa = PBXFileReference; lastKnownFileType = text.plist.xml; path = Info.plist; sourceTree = "<group>"; };
		4111D58423FDB46D00B74B83 /* CollectionViewHeader.swift */ = {isa = PBXFileReference; lastKnownFileType = sourcecode.swift; path = CollectionViewHeader.swift; sourceTree = "<group>"; };
		4111D58623FDC1D700B74B83 /* ImageSearchViewModel.swift */ = {isa = PBXFileReference; lastKnownFileType = sourcecode.swift; path = ImageSearchViewModel.swift; sourceTree = "<group>"; };
		4111D58823FDC27300B74B83 /* APIService.swift */ = {isa = PBXFileReference; lastKnownFileType = sourcecode.swift; path = APIService.swift; sourceTree = "<group>"; };
		4111D58A23FDCD6B00B74B83 /* CollectionViewCell.swift */ = {isa = PBXFileReference; lastKnownFileType = sourcecode.swift; path = CollectionViewCell.swift; sourceTree = "<group>"; };
		4111D58C23FDD81D00B74B83 /* ImageSearchResults.swift */ = {isa = PBXFileReference; fileEncoding = 4; lastKnownFileType = sourcecode.swift; path = ImageSearchResults.swift; sourceTree = "<group>"; };
		4111D58F23FDD81E00B74B83 /* Image.swift */ = {isa = PBXFileReference; fileEncoding = 4; lastKnownFileType = sourcecode.swift; path = Image.swift; sourceTree = "<group>"; };
		4111D59423FE1DDE00B74B83 /* Helpers.swift */ = {isa = PBXFileReference; lastKnownFileType = sourcecode.swift; path = Helpers.swift; sourceTree = "<group>"; };
		4111D59623FE200D00B74B83 /* Extensions.swift */ = {isa = PBXFileReference; lastKnownFileType = sourcecode.swift; path = Extensions.swift; sourceTree = "<group>"; };
		41AD9B7F23FF3134001383AD /* Result.swift */ = {isa = PBXFileReference; lastKnownFileType = sourcecode.swift; path = Result.swift; sourceTree = "<group>"; };
		41AD9B8623FF512C001383AD /* ImageDetailsViewController.swift */ = {isa = PBXFileReference; lastKnownFileType = sourcecode.swift; path = ImageDetailsViewController.swift; sourceTree = "<group>"; };
		41AD9B8823FF51C3001383AD /* ImageDetailsViewModel.swift */ = {isa = PBXFileReference; lastKnownFileType = sourcecode.swift; path = ImageDetailsViewModel.swift; sourceTree = "<group>"; };
		41AD9B9523FFBD57001383AD /* AppCoordinator.swift */ = {isa = PBXFileReference; fileEncoding = 4; lastKnownFileType = sourcecode.swift; path = AppCoordinator.swift; sourceTree = "<group>"; };
		41AD9B9623FFBD57001383AD /* AppCoordinatorProtocol.swift */ = {isa = PBXFileReference; fileEncoding = 4; lastKnownFileType = sourcecode.swift; path = AppCoordinatorProtocol.swift; sourceTree = "<group>"; };
		41AD9B9923FFCFEC001383AD /* AppConstants.swift */ = {isa = PBXFileReference; fileEncoding = 4; lastKnownFileType = sourcecode.swift; path = AppConstants.swift; sourceTree = "<group>"; };
		41F1E63124009BA60014672C /* ImagesDataSource.swift */ = {isa = PBXFileReference; lastKnownFileType = sourcecode.swift; path = ImagesDataSource.swift; sourceTree = "<group>"; };
		72E01198DF92A5CA5C9BAFBA /* Pods-ImageSearch.release.xcconfig */ = {isa = PBXFileReference; includeInIndex = 1; lastKnownFileType = text.xcconfig; name = "Pods-ImageSearch.release.xcconfig"; path = "Target Support Files/Pods-ImageSearch/Pods-ImageSearch.release.xcconfig"; sourceTree = "<group>"; };
		A4438E21155CBB27A6E6D9BC /* Pods-ImageSearch.debug.xcconfig */ = {isa = PBXFileReference; includeInIndex = 1; lastKnownFileType = text.xcconfig; name = "Pods-ImageSearch.debug.xcconfig"; path = "Target Support Files/Pods-ImageSearch/Pods-ImageSearch.debug.xcconfig"; sourceTree = "<group>"; };
		EE80EF1F12818C848D8A997A /* Pods_ImageSearch.framework */ = {isa = PBXFileReference; explicitFileType = wrapper.framework; includeInIndex = 0; path = Pods_ImageSearch.framework; sourceTree = BUILT_PRODUCTS_DIR; };
/* End PBXFileReference section */

/* Begin PBXFrameworksBuildPhase section */
		4111D55B23FDAEFF00B74B83 /* Frameworks */ = {
			isa = PBXFrameworksBuildPhase;
			buildActionMask = 2147483647;
			files = (
				AA463825AC8BD62FB9722EF6 /* Pods_ImageSearch.framework in Frameworks */,
			);
			runOnlyForDeploymentPostprocessing = 0;
		};
		4111D57123FDAF0200B74B83 /* Frameworks */ = {
			isa = PBXFrameworksBuildPhase;
			buildActionMask = 2147483647;
			files = (
			);
			runOnlyForDeploymentPostprocessing = 0;
		};
/* End PBXFrameworksBuildPhase section */

/* Begin PBXGroup section */
		112E2FD92B4D55FE1952DC07 /* Pods */ = {
			isa = PBXGroup;
			children = (
				A4438E21155CBB27A6E6D9BC /* Pods-ImageSearch.debug.xcconfig */,
				72E01198DF92A5CA5C9BAFBA /* Pods-ImageSearch.release.xcconfig */,
			);
			path = Pods;
			sourceTree = "<group>";
		};
		4111D55523FDAEFF00B74B83 = {
			isa = PBXGroup;
			children = (
				4111D56023FDAEFF00B74B83 /* ImageSearch */,
				4111D57723FDAF0200B74B83 /* ImageSearchTests */,
				4111D55F23FDAEFF00B74B83 /* Products */,
				112E2FD92B4D55FE1952DC07 /* Pods */,
				4C611D26DED79B19EA34BEB9 /* Frameworks */,
			);
			sourceTree = "<group>";
		};
		4111D55F23FDAEFF00B74B83 /* Products */ = {
			isa = PBXGroup;
			children = (
				4111D55E23FDAEFF00B74B83 /* ImageSearch.app */,
				4111D57423FDAF0200B74B83 /* ImageSearchTests.xctest */,
			);
			name = Products;
			sourceTree = "<group>";
		};
		4111D56023FDAEFF00B74B83 /* ImageSearch */ = {
			isa = PBXGroup;
			children = (
				41AD9B9423FFBD57001383AD /* Coordinator */,
				41AD9B8423FF342B001383AD /* Common */,
				41AD9B8323FF3353001383AD /* Services */,
				41AD9B8223FF317D001383AD /* Models */,
				41AD9B8123FF315F001383AD /* Modules */,
				4111D56723FDAEFF00B74B83 /* Main.storyboard */,
				4111D56A23FDAF0200B74B83 /* Assets.xcassets */,
				4111D56C23FDAF0200B74B83 /* LaunchScreen.storyboard */,
				4111D56F23FDAF0200B74B83 /* Info.plist */,
			);
			path = ImageSearch;
			sourceTree = "<group>";
		};
		4111D57723FDAF0200B74B83 /* ImageSearchTests */ = {
			isa = PBXGroup;
			children = (
				4111D57823FDAF0200B74B83 /* ImageSearchTests.swift */,
				4111D57A23FDAF0200B74B83 /* Info.plist */,
			);
			path = ImageSearchTests;
			sourceTree = "<group>";
		};
		41AD9B8123FF315F001383AD /* Modules */ = {
			isa = PBXGroup;
			children = (
				4111D56123FDAEFF00B74B83 /* AppDelegate.swift */,
				41E9A6B523FED04C00CDE3D6 /* ImageSearch */,
				41AD9B8523FF3445001383AD /* ImageDetails */,
			);
			path = Modules;
			sourceTree = "<group>";
		};
		41AD9B8223FF317D001383AD /* Models */ = {
			isa = PBXGroup;
			children = (
				41AD9B7F23FF3134001383AD /* Result.swift */,
				4111D58C23FDD81D00B74B83 /* ImageSearchResults.swift */,
				4111D58F23FDD81E00B74B83 /* Image.swift */,
			);
			path = Models;
			sourceTree = "<group>";
		};
		41AD9B8323FF3353001383AD /* Services */ = {
			isa = PBXGroup;
			children = (
				4111D58823FDC27300B74B83 /* APIService.swift */,
			);
			path = Services;
			sourceTree = "<group>";
		};
		41AD9B8423FF342B001383AD /* Common */ = {
			isa = PBXGroup;
			children = (
				41AD9B9923FFCFEC001383AD /* AppConstants.swift */,
				4111D59423FE1DDE00B74B83 /* Helpers.swift */,
				4111D59623FE200D00B74B83 /* Extensions.swift */,
				41F1E63124009BA60014672C /* ImagesDataSource.swift */,
			);
			path = Common;
			sourceTree = "<group>";
		};
		41AD9B8523FF3445001383AD /* ImageDetails */ = {
			isa = PBXGroup;
			children = (
				41AD9B8623FF512C001383AD /* ImageDetailsViewController.swift */,
				41AD9B8823FF51C3001383AD /* ImageDetailsViewModel.swift */,
			);
			path = ImageDetails;
			sourceTree = "<group>";
		};
		41AD9B9423FFBD57001383AD /* Coordinator */ = {
			isa = PBXGroup;
			children = (
				41AD9B9523FFBD57001383AD /* AppCoordinator.swift */,
				41AD9B9623FFBD57001383AD /* AppCoordinatorProtocol.swift */,
			);
			path = Coordinator;
			sourceTree = "<group>";
		};
		41E9A6B523FED04C00CDE3D6 /* ImageSearch */ = {
			isa = PBXGroup;
			children = (
				4111D58423FDB46D00B74B83 /* CollectionViewHeader.swift */,
				4111D58A23FDCD6B00B74B83 /* CollectionViewCell.swift */,
				4111D56523FDAEFF00B74B83 /* ImageSearchViewController.swift */,
				4111D58623FDC1D700B74B83 /* ImageSearchViewModel.swift */,
			);
			path = ImageSearch;
			sourceTree = "<group>";
		};
		4C611D26DED79B19EA34BEB9 /* Frameworks */ = {
			isa = PBXGroup;
			children = (
				EE80EF1F12818C848D8A997A /* Pods_ImageSearch.framework */,
			);
			name = Frameworks;
			sourceTree = "<group>";
		};
/* End PBXGroup section */

/* Begin PBXNativeTarget section */
		4111D55D23FDAEFF00B74B83 /* ImageSearch */ = {
			isa = PBXNativeTarget;
			buildConfigurationList = 4111D57D23FDAF0200B74B83 /* Build configuration list for PBXNativeTarget "ImageSearch" */;
			buildPhases = (
				8B7AF596A4DC368779290A00 /* [CP] Check Pods Manifest.lock */,
				4111D55A23FDAEFF00B74B83 /* Sources */,
				4111D55B23FDAEFF00B74B83 /* Frameworks */,
				4111D55C23FDAEFF00B74B83 /* Resources */,
				489D195E2EF3EC29EFC86C4F /* [CP] Embed Pods Frameworks */,
			);
			buildRules = (
			);
			dependencies = (
			);
			name = ImageSearch;
			productName = ImageSearch;
			productReference = 4111D55E23FDAEFF00B74B83 /* ImageSearch.app */;
			productType = "com.apple.product-type.application";
		};
		4111D57323FDAF0200B74B83 /* ImageSearchTests */ = {
			isa = PBXNativeTarget;
			buildConfigurationList = 4111D58023FDAF0200B74B83 /* Build configuration list for PBXNativeTarget "ImageSearchTests" */;
			buildPhases = (
				4111D57023FDAF0200B74B83 /* Sources */,
				4111D57123FDAF0200B74B83 /* Frameworks */,
				4111D57223FDAF0200B74B83 /* Resources */,
			);
			buildRules = (
			);
			dependencies = (
				4111D57623FDAF0200B74B83 /* PBXTargetDependency */,
			);
			name = ImageSearchTests;
			productName = ImageSearchTests;
			productReference = 4111D57423FDAF0200B74B83 /* ImageSearchTests.xctest */;
			productType = "com.apple.product-type.bundle.unit-test";
		};
/* End PBXNativeTarget section */

/* Begin PBXProject section */
		4111D55623FDAEFF00B74B83 /* Project object */ = {
			isa = PBXProject;
			attributes = {
				LastSwiftUpdateCheck = 1130;
				LastUpgradeCheck = 1130;
				ORGANIZATIONNAME = "Denis Simon";
				TargetAttributes = {
					4111D55D23FDAEFF00B74B83 = {
						CreatedOnToolsVersion = 11.3.1;
					};
					4111D57323FDAF0200B74B83 = {
						CreatedOnToolsVersion = 11.3.1;
						TestTargetID = 4111D55D23FDAEFF00B74B83;
					};
				};
			};
			buildConfigurationList = 4111D55923FDAEFF00B74B83 /* Build configuration list for PBXProject "ImageSearch" */;
			compatibilityVersion = "Xcode 9.3";
			developmentRegion = en;
			hasScannedForEncodings = 0;
			knownRegions = (
				en,
				Base,
			);
			mainGroup = 4111D55523FDAEFF00B74B83;
			productRefGroup = 4111D55F23FDAEFF00B74B83 /* Products */;
			projectDirPath = "";
			projectRoot = "";
			targets = (
				4111D55D23FDAEFF00B74B83 /* ImageSearch */,
				4111D57323FDAF0200B74B83 /* ImageSearchTests */,
			);
		};
/* End PBXProject section */

/* Begin PBXResourcesBuildPhase section */
		4111D55C23FDAEFF00B74B83 /* Resources */ = {
			isa = PBXResourcesBuildPhase;
			buildActionMask = 2147483647;
			files = (
				4111D56E23FDAF0200B74B83 /* LaunchScreen.storyboard in Resources */,
				4111D56B23FDAF0200B74B83 /* Assets.xcassets in Resources */,
				4111D56923FDAEFF00B74B83 /* Main.storyboard in Resources */,
			);
			runOnlyForDeploymentPostprocessing = 0;
		};
		4111D57223FDAF0200B74B83 /* Resources */ = {
			isa = PBXResourcesBuildPhase;
			buildActionMask = 2147483647;
			files = (
			);
			runOnlyForDeploymentPostprocessing = 0;
		};
/* End PBXResourcesBuildPhase section */

/* Begin PBXShellScriptBuildPhase section */
		489D195E2EF3EC29EFC86C4F /* [CP] Embed Pods Frameworks */ = {
			isa = PBXShellScriptBuildPhase;
			buildActionMask = 2147483647;
			files = (
			);
			inputFileListPaths = (
				"${PODS_ROOT}/Target Support Files/Pods-ImageSearch/Pods-ImageSearch-frameworks-${CONFIGURATION}-input-files.xcfilelist",
			);
			name = "[CP] Embed Pods Frameworks";
			outputFileListPaths = (
				"${PODS_ROOT}/Target Support Files/Pods-ImageSearch/Pods-ImageSearch-frameworks-${CONFIGURATION}-output-files.xcfilelist",
			);
			runOnlyForDeploymentPostprocessing = 0;
			shellPath = /bin/sh;
			shellScript = "\"${PODS_ROOT}/Target Support Files/Pods-ImageSearch/Pods-ImageSearch-frameworks.sh\"\n";
			showEnvVarsInLog = 0;
		};
		8B7AF596A4DC368779290A00 /* [CP] Check Pods Manifest.lock */ = {
			isa = PBXShellScriptBuildPhase;
			buildActionMask = 2147483647;
			files = (
			);
			inputFileListPaths = (
			);
			inputPaths = (
				"${PODS_PODFILE_DIR_PATH}/Podfile.lock",
				"${PODS_ROOT}/Manifest.lock",
			);
			name = "[CP] Check Pods Manifest.lock";
			outputFileListPaths = (
			);
			outputPaths = (
				"$(DERIVED_FILE_DIR)/Pods-ImageSearch-checkManifestLockResult.txt",
			);
			runOnlyForDeploymentPostprocessing = 0;
			shellPath = /bin/sh;
			shellScript = "diff \"${PODS_PODFILE_DIR_PATH}/Podfile.lock\" \"${PODS_ROOT}/Manifest.lock\" > /dev/null\nif [ $? != 0 ] ; then\n    # print error to STDERR\n    echo \"error: The sandbox is not in sync with the Podfile.lock. Run 'pod install' or update your CocoaPods installation.\" >&2\n    exit 1\nfi\n# This output is used by Xcode 'outputs' to avoid re-running this script phase.\necho \"SUCCESS\" > \"${SCRIPT_OUTPUT_FILE_0}\"\n";
			showEnvVarsInLog = 0;
		};
/* End PBXShellScriptBuildPhase section */

/* Begin PBXSourcesBuildPhase section */
		4111D55A23FDAEFF00B74B83 /* Sources */ = {
			isa = PBXSourcesBuildPhase;
			buildActionMask = 2147483647;
			files = (
				41AD9B8723FF512C001383AD /* ImageDetailsViewController.swift in Sources */,
				41AD9B9A23FFCFEC001383AD /* AppConstants.swift in Sources */,
				41F1E63224009BA60014672C /* ImagesDataSource.swift in Sources */,
				4111D58523FDB46D00B74B83 /* CollectionViewHeader.swift in Sources */,
				4111D58923FDC27300B74B83 /* APIService.swift in Sources */,
				4111D59323FDD81E00B74B83 /* Image.swift in Sources */,
				4111D59523FE1DDE00B74B83 /* Helpers.swift in Sources */,
				4111D56623FDAEFF00B74B83 /* ImageSearchViewController.swift in Sources */,
				4111D58B23FDCD6B00B74B83 /* CollectionViewCell.swift in Sources */,
				41AD9B8023FF3134001383AD /* Result.swift in Sources */,
				4111D56223FDAEFF00B74B83 /* AppDelegate.swift in Sources */,
				4111D58723FDC1D700B74B83 /* ImageSearchViewModel.swift in Sources */,
				41AD9B8923FF51C3001383AD /* ImageDetailsViewModel.swift in Sources */,
				41AD9B9723FFBD57001383AD /* AppCoordinator.swift in Sources */,
				4111D59723FE200D00B74B83 /* Extensions.swift in Sources */,
				41AD9B9823FFBD57001383AD /* AppCoordinatorProtocol.swift in Sources */,
				4111D59023FDD81E00B74B83 /* ImageSearchResults.swift in Sources */,
			);
			runOnlyForDeploymentPostprocessing = 0;
		};
		4111D57023FDAF0200B74B83 /* Sources */ = {
			isa = PBXSourcesBuildPhase;
			buildActionMask = 2147483647;
			files = (
				4111D57923FDAF0200B74B83 /* ImageSearchTests.swift in Sources */,
			);
			runOnlyForDeploymentPostprocessing = 0;
		};
/* End PBXSourcesBuildPhase section */

/* Begin PBXTargetDependency section */
		4111D57623FDAF0200B74B83 /* PBXTargetDependency */ = {
			isa = PBXTargetDependency;
			target = 4111D55D23FDAEFF00B74B83 /* ImageSearch */;
			targetProxy = 4111D57523FDAF0200B74B83 /* PBXContainerItemProxy */;
		};
/* End PBXTargetDependency section */

/* Begin PBXVariantGroup section */
		4111D56723FDAEFF00B74B83 /* Main.storyboard */ = {
			isa = PBXVariantGroup;
			children = (
				4111D56823FDAEFF00B74B83 /* Base */,
			);
			name = Main.storyboard;
			sourceTree = "<group>";
		};
		4111D56C23FDAF0200B74B83 /* LaunchScreen.storyboard */ = {
			isa = PBXVariantGroup;
			children = (
				4111D56D23FDAF0200B74B83 /* Base */,
			);
			name = LaunchScreen.storyboard;
			sourceTree = "<group>";
		};
/* End PBXVariantGroup section */

/* Begin XCBuildConfiguration section */
		4111D57B23FDAF0200B74B83 /* Debug */ = {
			isa = XCBuildConfiguration;
			buildSettings = {
				ALWAYS_SEARCH_USER_PATHS = NO;
				CLANG_ANALYZER_NONNULL = YES;
				CLANG_ANALYZER_NUMBER_OBJECT_CONVERSION = YES_AGGRESSIVE;
				CLANG_CXX_LANGUAGE_STANDARD = "gnu++14";
				CLANG_CXX_LIBRARY = "libc++";
				CLANG_ENABLE_MODULES = YES;
				CLANG_ENABLE_OBJC_ARC = YES;
				CLANG_ENABLE_OBJC_WEAK = YES;
				CLANG_WARN_BLOCK_CAPTURE_AUTORELEASING = YES;
				CLANG_WARN_BOOL_CONVERSION = YES;
				CLANG_WARN_COMMA = YES;
				CLANG_WARN_CONSTANT_CONVERSION = YES;
				CLANG_WARN_DEPRECATED_OBJC_IMPLEMENTATIONS = YES;
				CLANG_WARN_DIRECT_OBJC_ISA_USAGE = YES_ERROR;
				CLANG_WARN_DOCUMENTATION_COMMENTS = YES;
				CLANG_WARN_EMPTY_BODY = YES;
				CLANG_WARN_ENUM_CONVERSION = YES;
				CLANG_WARN_INFINITE_RECURSION = YES;
				CLANG_WARN_INT_CONVERSION = YES;
				CLANG_WARN_NON_LITERAL_NULL_CONVERSION = YES;
				CLANG_WARN_OBJC_IMPLICIT_RETAIN_SELF = YES;
				CLANG_WARN_OBJC_LITERAL_CONVERSION = YES;
				CLANG_WARN_OBJC_ROOT_CLASS = YES_ERROR;
				CLANG_WARN_RANGE_LOOP_ANALYSIS = YES;
				CLANG_WARN_STRICT_PROTOTYPES = YES;
				CLANG_WARN_SUSPICIOUS_MOVE = YES;
				CLANG_WARN_UNGUARDED_AVAILABILITY = YES_AGGRESSIVE;
				CLANG_WARN_UNREACHABLE_CODE = YES;
				CLANG_WARN__DUPLICATE_METHOD_MATCH = YES;
				COPY_PHASE_STRIP = NO;
				DEBUG_INFORMATION_FORMAT = dwarf;
				ENABLE_STRICT_OBJC_MSGSEND = YES;
				ENABLE_TESTABILITY = YES;
				GCC_C_LANGUAGE_STANDARD = gnu11;
				GCC_DYNAMIC_NO_PIC = NO;
				GCC_NO_COMMON_BLOCKS = YES;
				GCC_OPTIMIZATION_LEVEL = 0;
				GCC_PREPROCESSOR_DEFINITIONS = (
					"DEBUG=1",
					"$(inherited)",
				);
				GCC_WARN_64_TO_32_BIT_CONVERSION = YES;
				GCC_WARN_ABOUT_RETURN_TYPE = YES_ERROR;
				GCC_WARN_UNDECLARED_SELECTOR = YES;
				GCC_WARN_UNINITIALIZED_AUTOS = YES_AGGRESSIVE;
				GCC_WARN_UNUSED_FUNCTION = YES;
				GCC_WARN_UNUSED_VARIABLE = YES;
				IPHONEOS_DEPLOYMENT_TARGET = 10.0;
				MTL_ENABLE_DEBUG_INFO = INCLUDE_SOURCE;
				MTL_FAST_MATH = YES;
				ONLY_ACTIVE_ARCH = YES;
				SDKROOT = iphoneos;
				SWIFT_ACTIVE_COMPILATION_CONDITIONS = DEBUG;
				SWIFT_OPTIMIZATION_LEVEL = "-Onone";
			};
			name = Debug;
		};
		4111D57C23FDAF0200B74B83 /* Release */ = {
			isa = XCBuildConfiguration;
			buildSettings = {
				ALWAYS_SEARCH_USER_PATHS = NO;
				CLANG_ANALYZER_NONNULL = YES;
				CLANG_ANALYZER_NUMBER_OBJECT_CONVERSION = YES_AGGRESSIVE;
				CLANG_CXX_LANGUAGE_STANDARD = "gnu++14";
				CLANG_CXX_LIBRARY = "libc++";
				CLANG_ENABLE_MODULES = YES;
				CLANG_ENABLE_OBJC_ARC = YES;
				CLANG_ENABLE_OBJC_WEAK = YES;
				CLANG_WARN_BLOCK_CAPTURE_AUTORELEASING = YES;
				CLANG_WARN_BOOL_CONVERSION = YES;
				CLANG_WARN_COMMA = YES;
				CLANG_WARN_CONSTANT_CONVERSION = YES;
				CLANG_WARN_DEPRECATED_OBJC_IMPLEMENTATIONS = YES;
				CLANG_WARN_DIRECT_OBJC_ISA_USAGE = YES_ERROR;
				CLANG_WARN_DOCUMENTATION_COMMENTS = YES;
				CLANG_WARN_EMPTY_BODY = YES;
				CLANG_WARN_ENUM_CONVERSION = YES;
				CLANG_WARN_INFINITE_RECURSION = YES;
				CLANG_WARN_INT_CONVERSION = YES;
				CLANG_WARN_NON_LITERAL_NULL_CONVERSION = YES;
				CLANG_WARN_OBJC_IMPLICIT_RETAIN_SELF = YES;
				CLANG_WARN_OBJC_LITERAL_CONVERSION = YES;
				CLANG_WARN_OBJC_ROOT_CLASS = YES_ERROR;
				CLANG_WARN_RANGE_LOOP_ANALYSIS = YES;
				CLANG_WARN_STRICT_PROTOTYPES = YES;
				CLANG_WARN_SUSPICIOUS_MOVE = YES;
				CLANG_WARN_UNGUARDED_AVAILABILITY = YES_AGGRESSIVE;
				CLANG_WARN_UNREACHABLE_CODE = YES;
				CLANG_WARN__DUPLICATE_METHOD_MATCH = YES;
				COPY_PHASE_STRIP = NO;
				DEBUG_INFORMATION_FORMAT = "dwarf-with-dsym";
				ENABLE_NS_ASSERTIONS = NO;
				ENABLE_STRICT_OBJC_MSGSEND = YES;
				GCC_C_LANGUAGE_STANDARD = gnu11;
				GCC_NO_COMMON_BLOCKS = YES;
				GCC_WARN_64_TO_32_BIT_CONVERSION = YES;
				GCC_WARN_ABOUT_RETURN_TYPE = YES_ERROR;
				GCC_WARN_UNDECLARED_SELECTOR = YES;
				GCC_WARN_UNINITIALIZED_AUTOS = YES_AGGRESSIVE;
				GCC_WARN_UNUSED_FUNCTION = YES;
				GCC_WARN_UNUSED_VARIABLE = YES;
				IPHONEOS_DEPLOYMENT_TARGET = 10.0;
				MTL_ENABLE_DEBUG_INFO = NO;
				MTL_FAST_MATH = YES;
				SDKROOT = iphoneos;
				SWIFT_COMPILATION_MODE = wholemodule;
				SWIFT_OPTIMIZATION_LEVEL = "-O";
				VALIDATE_PRODUCT = YES;
			};
			name = Release;
		};
		4111D57E23FDAF0200B74B83 /* Debug */ = {
			isa = XCBuildConfiguration;
			baseConfigurationReference = A4438E21155CBB27A6E6D9BC /* Pods-ImageSearch.debug.xcconfig */;
			buildSettings = {
				ASSETCATALOG_COMPILER_APPICON_NAME = AppIcon;
				CODE_SIGN_STYLE = Automatic;
				DEVELOPMENT_TEAM = 23R9SJL6N9;
				INFOPLIST_FILE = ImageSearch/Info.plist;
				IPHONEOS_DEPLOYMENT_TARGET = 10.0;
				LD_RUNPATH_SEARCH_PATHS = (
					"$(inherited)",
					"@executable_path/Frameworks",
				);
				PRODUCT_BUNDLE_IDENTIFIER = com.gmail.denissimon.ImageSearch;
				PRODUCT_NAME = "$(TARGET_NAME)";
				SWIFT_VERSION = 5.0;
				TARGETED_DEVICE_FAMILY = "1,2";
			};
			name = Debug;
		};
		4111D57F23FDAF0200B74B83 /* Release */ = {
			isa = XCBuildConfiguration;
			baseConfigurationReference = 72E01198DF92A5CA5C9BAFBA /* Pods-ImageSearch.release.xcconfig */;
			buildSettings = {
				ASSETCATALOG_COMPILER_APPICON_NAME = AppIcon;
				CODE_SIGN_STYLE = Automatic;
				DEVELOPMENT_TEAM = 23R9SJL6N9;
				INFOPLIST_FILE = ImageSearch/Info.plist;
				IPHONEOS_DEPLOYMENT_TARGET = 10.0;
				LD_RUNPATH_SEARCH_PATHS = (
					"$(inherited)",
					"@executable_path/Frameworks",
				);
				PRODUCT_BUNDLE_IDENTIFIER = com.gmail.denissimon.ImageSearch;
				PRODUCT_NAME = "$(TARGET_NAME)";
				SWIFT_VERSION = 5.0;
				TARGETED_DEVICE_FAMILY = "1,2";
			};
			name = Release;
		};
		4111D58123FDAF0200B74B83 /* Debug */ = {
			isa = XCBuildConfiguration;
			buildSettings = {
				ALWAYS_EMBED_SWIFT_STANDARD_LIBRARIES = YES;
				BUNDLE_LOADER = "$(TEST_HOST)";
				CODE_SIGN_STYLE = Automatic;
				DEVELOPMENT_TEAM = 23R9SJL6N9;
				INFOPLIST_FILE = ImageSearchTests/Info.plist;
				IPHONEOS_DEPLOYMENT_TARGET = 13.2;
				LD_RUNPATH_SEARCH_PATHS = (
					"$(inherited)",
					"@executable_path/Frameworks",
					"@loader_path/Frameworks",
				);
				PRODUCT_BUNDLE_IDENTIFIER = com.gmail.denissimon.ImageSearchTests;
				PRODUCT_NAME = "$(TARGET_NAME)";
				SWIFT_VERSION = 5.0;
				TARGETED_DEVICE_FAMILY = "1,2";
				TEST_HOST = "$(BUILT_PRODUCTS_DIR)/ImageSearch.app/ImageSearch";
			};
			name = Debug;
		};
		4111D58223FDAF0200B74B83 /* Release */ = {
			isa = XCBuildConfiguration;
			buildSettings = {
				ALWAYS_EMBED_SWIFT_STANDARD_LIBRARIES = YES;
				BUNDLE_LOADER = "$(TEST_HOST)";
				CODE_SIGN_STYLE = Automatic;
				DEVELOPMENT_TEAM = 23R9SJL6N9;
				INFOPLIST_FILE = ImageSearchTests/Info.plist;
				IPHONEOS_DEPLOYMENT_TARGET = 13.2;
				LD_RUNPATH_SEARCH_PATHS = (
					"$(inherited)",
					"@executable_path/Frameworks",
					"@loader_path/Frameworks",
				);
				PRODUCT_BUNDLE_IDENTIFIER = com.gmail.denissimon.ImageSearchTests;
				PRODUCT_NAME = "$(TARGET_NAME)";
				SWIFT_VERSION = 5.0;
				TARGETED_DEVICE_FAMILY = "1,2";
				TEST_HOST = "$(BUILT_PRODUCTS_DIR)/ImageSearch.app/ImageSearch";
			};
			name = Release;
		};
/* End XCBuildConfiguration section */

/* Begin XCConfigurationList section */
		4111D55923FDAEFF00B74B83 /* Build configuration list for PBXProject "ImageSearch" */ = {
			isa = XCConfigurationList;
			buildConfigurations = (
				4111D57B23FDAF0200B74B83 /* Debug */,
				4111D57C23FDAF0200B74B83 /* Release */,
			);
			defaultConfigurationIsVisible = 0;
			defaultConfigurationName = Release;
		};
		4111D57D23FDAF0200B74B83 /* Build configuration list for PBXNativeTarget "ImageSearch" */ = {
			isa = XCConfigurationList;
			buildConfigurations = (
				4111D57E23FDAF0200B74B83 /* Debug */,
				4111D57F23FDAF0200B74B83 /* Release */,
			);
			defaultConfigurationIsVisible = 0;
			defaultConfigurationName = Release;
		};
		4111D58023FDAF0200B74B83 /* Build configuration list for PBXNativeTarget "ImageSearchTests" */ = {
			isa = XCConfigurationList;
			buildConfigurations = (
				4111D58123FDAF0200B74B83 /* Debug */,
				4111D58223FDAF0200B74B83 /* Release */,
			);
			defaultConfigurationIsVisible = 0;
			defaultConfigurationName = Release;
		};
/* End XCConfigurationList section */
	};
	rootObject = 4111D55623FDAEFF00B74B83 /* Project object */;
}
